{
  "meteor": {},
  "dependencies": {
    "basePackages": {
      "houston": {}
    },
    "packages": {
      "houston": {
        "git": "https://github.com/gterrono/houston.git",
        "tag": "v1.0.1",
        "commit": "59653d3a345a438c83bfd5244b992a19c4b014d7"
      },
      "paginated-subscription": {
        "git": "https://github.com/tmeasday/meteor-paginated-subscription.git",
        "tag": "v0.1.2",
        "commit": "35e0c6112df2b4cfeb60b559276a93cac5ee2dd6"
      },
      "spin": {
        "git": "https://github.com/SachaG/meteor-spin.git",
        "tag": "v0.2.2",
        "commit": "3f655f0016228e4195acc784c45d3e3a247dc39f"
      },
      "iron-router": {
        "git": "https://github.com/EventedMind/iron-router.git",
        "tag": "v0.6.4",
        "commit": "927bbaed1b87894fb6fb70807f74ff3a5bd89f29"
      }
    }
  }
}
